
Microsoft Visual Studio Solution File, Format Version 12.00
# Visual Studio Version 17
VisualStudioVersion = 17.2.32630.192
MinimumVisualStudioVersion = 10.0.40219.1
Project("{FAE04EC0-301F-11D3-BF4B-00C04F79EFBC}") = "firstProgram", "firstProgram\firstProgram.csproj", "{1C4992C6-0C91-491B-8691-94AF75816212}"
EndProject
Global
	GlobalSection(SolutionConfigurationPlatforms) = preSolution
		Debug|Any CPU = Debug|Any CPU
		Release|Any CPU = Release|Any CPU
	EndGlobalSection
	GlobalSection(ProjectConfigurationPlatforms) = postSolution
		{1C4992C6-0C91-491B-8691-94AF75816212}.Debug|Any CPU.ActiveCfg = Debug|Any CPU
		{1C4992C6-0C91-491B-8691-94AF75816212}.Debug|Any CPU.Build.0 = Debug|Any CPU
		{1C4992C6-0C91-491B-8691-94AF75816212}.Release|Any CPU.ActiveCfg = Release|Any CPU
		{1C4992C6-0C91-491B-8691-94AF75816212}.Release|Any CPU.Build.0 = Release|Any CPU
	EndGlobalSection
	GlobalSection(SolutionProperties) = preSolution
		HideSolutionNode = FALSE
	EndGlobalSection
	GlobalSection(ExtensibilityGlobals) = postSolution
		SolutionGuid = {5588D262-4A6B-4271-96F3-39AAEBBDB547}
	EndGlobalSection
EndGlobal
